
Microsoft Visual Studio Solution File, Format Version 12.00
# Visual Studio 15
VisualStudioVersion = 15.0.28010.2050
MinimumVisualStudioVersion = 10.0.40219.1
Project("{FAE04EC0-301F-11D3-BF4B-00C04F79EFBC}") = "EditProductApp", "EditProductApp\EditProductApp.csproj", "{482FD5AA-3B1D-48B3-8B2F-D1FA4BD975DB}"
EndProject
Global
	GlobalSection(SolutionConfigurationPlatforms) = preSolution
		Debug|Any CPU = Debug|Any CPU
		Release|Any CPU = Release|Any CPU
	EndGlobalSection
	GlobalSection(ProjectConfigurationPlatforms) = postSolution
		{482FD5AA-3B1D-48B3-8B2F-D1FA4BD975DB}.Debug|Any CPU.ActiveCfg = Debug|Any CPU
		{482FD5AA-3B1D-48B3-8B2F-D1FA4BD975DB}.Debug|Any CPU.Build.0 = Debug|Any CPU
		{482FD5AA-3B1D-48B3-8B2F-D1FA4BD975DB}.Release|Any CPU.ActiveCfg = Release|Any CPU
		{482FD5AA-3B1D-48B3-8B2F-D1FA4BD975DB}.Release|Any CPU.Build.0 = Release|Any CPU
	EndGlobalSection
	GlobalSection(SolutionProperties) = preSolution
		HideSolutionNode = FALSE
	EndGlobalSection
	GlobalSection(ExtensibilityGlobals) = postSolution
		SolutionGuid = {2A1FE98D-0849-419C-8BD2-34783707EE03}
	EndGlobalSection
EndGlobal
